// !$*UTF8*$!
{
	archiveVersion = 1;
	classes = {
	};
	objectVersion = 50;
	objects = {

/* Begin PBXBuildFile section */
		DC5FB9A52632EF5C00F70F6E /* User_Mgmt_UbungApp.swift in Sources */ = {isa = PBXBuildFile; fileRef = DC5FB9A42632EF5C00F70F6E /* User_Mgmt_UbungApp.swift */; };
		DC5FB9A72632EF5C00F70F6E /* ContentView.swift in Sources */ = {isa = PBXBuildFile; fileRef = DC5FB9A62632EF5C00F70F6E /* ContentView.swift */; };
		DC5FB9A92632EF6000F70F6E /* Assets.xcassets in Resources */ = {isa = PBXBuildFile; fileRef = DC5FB9A82632EF6000F70F6E /* Assets.xcassets */; };
		DC5FB9AC2632EF6000F70F6E /* Preview Assets.xcassets in Resources */ = {isa = PBXBuildFile; fileRef = DC5FB9AB2632EF6000F70F6E /* Preview Assets.xcassets */; };
		DCDDFB0C2636BA16006E82CF /* User.swift in Sources */ = {isa = PBXBuildFile; fileRef = DCDDFB0B2636BA15006E82CF /* User.swift */; };
		DCDDFB0E2636BA56006E82CF /* Color.swift in Sources */ = {isa = PBXBuildFile; fileRef = DCDDFB0D2636BA56006E82CF /* Color.swift */; };
/* End PBXBuildFile section */

/* Begin PBXFileReference section */
		DC5FB9A12632EF5C00F70F6E /* User_Mgmt_Ubung.app */ = {isa = PBXFileReference; explicitFileType = wrapper.application; includeInIndex = 0; path = User_Mgmt_Ubung.app; sourceTree = BUILT_PRODUCTS_DIR; };
		DC5FB9A42632EF5C00F70F6E /* User_Mgmt_UbungApp.swift */ = {isa = PBXFileReference; lastKnownFileType = sourcecode.swift; path = User_Mgmt_UbungApp.swift; sourceTree = "<group>"; };
		DC5FB9A62632EF5C00F70F6E /* ContentView.swift */ = {isa = PBXFileReference; lastKnownFileType = sourcecode.swift; path = ContentView.swift; sourceTree = "<group>"; };
		DC5FB9A82632EF6000F70F6E /* Assets.xcassets */ = {isa = PBXFileReference; lastKnownFileType = folder.assetcatalog; path = Assets.xcassets; sourceTree = "<group>"; };
		DC5FB9AB2632EF6000F70F6E /* Preview Assets.xcassets */ = {isa = PBXFileReference; lastKnownFileType = folder.assetcatalog; path = "Preview Assets.xcassets"; sourceTree = "<group>"; };
		DC5FB9AD2632EF6000F70F6E /* Info.plist */ = {isa = PBXFileReference; lastKnownFileType = text.plist.xml; path = Info.plist; sourceTree = "<group>"; };
		DCDDFB0B2636BA15006E82CF /* User.swift */ = {isa = PBXFileReference; lastKnownFileType = sourcecode.swift; path = User.swift; sourceTree = "<group>"; };
		DCDDFB0D2636BA56006E82CF /* Color.swift */ = {isa = PBXFileReference; lastKnownFileType = sourcecode.swift; path = Color.swift; sourceTree = "<group>"; };
/* End PBXFileReference section */

/* Begin PBXFrameworksBuildPhase section */
		DC5FB99E2632EF5C00F70F6E /* Frameworks */ = {
			isa = PBXFrameworksBuildPhase;
			buildActionMask = 2147483647;
			files = (
			);
			runOnlyForDeploymentPostprocessing = 0;
		};
/* End PBXFrameworksBuildPhase section */

/* Begin PBXGroup section */
		DC5FB9982632EF5C00F70F6E = {
			isa = PBXGroup;
			children = (
				DC5FB9A32632EF5C00F70F6E /* User_Mgmt_Ubung */,
				DC5FB9A22632EF5C00F70F6E /* Products */,
			);
			sourceTree = "<group>";
		};
		DC5FB9A22632EF5C00F70F6E /* Products */ = {
			isa = PBXGroup;
			children = (
				DC5FB9A12632EF5C00F70F6E /* User_Mgmt_Ubung.app */,
			);
			name = Products;
			sourceTree = "<group>";
		};
		DC5FB9A32632EF5C00F70F6E /* User_Mgmt_Ubung */ = {
			isa = PBXGroup;
			children = (
				DC5FB9A42632EF5C00F70F6E /* User_Mgmt_UbungApp.swift */,
				DC5FB9A62632EF5C00F70F6E /* ContentView.swift */,
				DCDDFB0D2636BA56006E82CF /* Color.swift */,
				DCDDFB0B2636BA15006E82CF /* User.swift */,
				DC5FB9A82632EF6000F70F6E /* Assets.xcassets */,
				DC5FB9AD2632EF6000F70F6E /* Info.plist */,
				DC5FB9AA2632EF6000F70F6E /* Preview Content */,
			);
			path = User_Mgmt_Ubung;
			sourceTree = "<group>";
		};
		DC5FB9AA2632EF6000F70F6E /* Preview Content */ = {
			isa = PBXGroup;
			children = (
				DC5FB9AB2632EF6000F70F6E /* Preview Assets.xcassets */,
			);
			path = "Preview Content";
			sourceTree = "<group>";
		};
/* End PBXGroup section */

/* Begin PBXNativeTarget section */
		DC5FB9A02632EF5C00F70F6E /* User_Mgmt_Ubung */ = {
			isa = PBXNativeTarget;
			buildConfigurationList = DC5FB9B02632EF6000F70F6E /* Build configuration list for PBXNativeTarget "User_Mgmt_Ubung" */;
			buildPhases = (
				DC5FB99D2632EF5C00F70F6E /* Sources */,
				DC5FB99E2632EF5C00F70F6E /* Frameworks */,
				DC5FB99F2632EF5C00F70F6E /* Resources */,
			);
			buildRules = (
			);
			dependencies = (
			);
			name = User_Mgmt_Ubung;
			productName = User_Mgmt_Ubung;
			productReference = DC5FB9A12632EF5C00F70F6E /* User_Mgmt_Ubung.app */;
			productType = "com.apple.product-type.application";
		};
/* End PBXNativeTarget section */

/* Begin PBXProject section */
		DC5FB9992632EF5C00F70F6E /* Project object */ = {
			isa = PBXProject;
			attributes = {
				LastSwiftUpdateCheck = 1250;
				LastUpgradeCheck = 1250;
				TargetAttributes = {
					DC5FB9A02632EF5C00F70F6E = {
						CreatedOnToolsVersion = 12.5;
					};
				};
			};
			buildConfigurationList = DC5FB99C2632EF5C00F70F6E /* Build configuration list for PBXProject "User_Mgmt_Ubung" */;
			compatibilityVersion = "Xcode 9.3";
			developmentRegion = en;
			hasScannedForEncodings = 0;
			knownRegions = (
				en,
				Base,
			);
			mainGroup = DC5FB9982632EF5C00F70F6E;
			productRefGroup = DC5FB9A22632EF5C00F70F6E /* Products */;
			projectDirPath = "";
			projectRoot = "";
			targets = (
				DC5FB9A02632EF5C00F70F6E /* User_Mgmt_Ubung */,
			);
		};
/* End PBXProject section */

/* Begin PBXResourcesBuildPhase section */
		DC5FB99F2632EF5C00F70F6E /* Resources */ = {
			isa = PBXResourcesBuildPhase;
			buildActionMask = 2147483647;
			files = (
				DC5FB9AC2632EF6000F70F6E /* Preview Assets.xcassets in Resources */,
				DC5FB9A92632EF6000F70F6E /* Assets.xcassets in Resources */,
			);
			runOnlyForDeploymentPostprocessing = 0;
		};
/* End PBXResourcesBuildPhase section */

/* Begin PBXSourcesBuildPhase section */
		DC5FB99D2632EF5C00F70F6E /* Sources */ = {
			isa = PBXSourcesBuildPhase;
			buildActionMask = 2147483647;
			files = (
				DC5FB9A72632EF5C00F70F6E /* ContentView.swift in Sources */,
				DCDDFB0E2636BA56006E82CF /* Color.swift in Sources */,
				DC5FB9A52632EF5C00F70F6E /* User_Mgmt_UbungApp.swift in Sources */,
				DCDDFB0C2636BA16006E82CF /* User.swift in Sources */,
			);
			runOnlyForDeploymentPostprocessing = 0;
		};
/* End PBXSourcesBuildPhase section */

/* Begin XCBuildConfiguration section */
		DC5FB9AE2632EF6000F70F6E /* Debug */ = {
			isa = XCBuildConfiguration;
			buildSettings = {
				ALWAYS_SEARCH_USER_PATHS = NO;
				CLANG_ANALYZER_NONNULL = YES;
				CLANG_ANALYZER_NUMBER_OBJECT_CONVERSION = YES_AGGRESSIVE;
				CLANG_CXX_LANGUAGE_STANDARD = "gnu++14";
				CLANG_CXX_LIBRARY = "libc++";
				CLANG_ENABLE_MODULES = YES;
				CLANG_ENABLE_OBJC_ARC = YES;
				CLANG_ENABLE_OBJC_WEAK = YES;
				CLANG_WARN_BLOCK_CAPTURE_AUTORELEASING = YES;
				CLANG_WARN_BOOL_CONVERSION = YES;
				CLANG_WARN_COMMA = YES;
				CLANG_WARN_CONSTANT_CONVERSION = YES;
				CLANG_WARN_DEPRECATED_OBJC_IMPLEMENTATIONS = YES;
				CLANG_WARN_DIRECT_OBJC_ISA_USAGE = YES_ERROR;
				CLANG_WARN_DOCUMENTATION_COMMENTS = YES;
				CLANG_WARN_EMPTY_BODY = YES;
				CLANG_WARN_ENUM_CONVERSION = YES;
				CLANG_WARN_INFINITE_RECURSION = YES;
				CLANG_WARN_INT_CONVERSION = YES;
				CLANG_WARN_NON_LITERAL_NULL_CONVERSION = YES;
				CLANG_WARN_OBJC_IMPLICIT_RETAIN_SELF = YES;
				CLANG_WARN_OBJC_LITERAL_CONVERSION = YES;
				CLANG_WARN_OBJC_ROOT_CLASS = YES_ERROR;
				CLANG_WARN_QUOTED_INCLUDE_IN_FRAMEWORK_HEADER = YES;
				CLANG_WARN_RANGE_LOOP_ANALYSIS = YES;
				CLANG_WARN_STRICT_PROTOTYPES = YES;
				CLANG_WARN_SUSPICIOUS_MOVE = YES;
				CLANG_WARN_UNGUARDED_AVAILABILITY = YES_AGGRESSIVE;
				CLANG_WARN_UNREACHABLE_CODE = YES;
				CLANG_WARN__DUPLICATE_METHOD_MATCH = YES;
				COPY_PHASE_STRIP = NO;
				DEBUG_INFORMATION_FORMAT = dwarf;
				ENABLE_STRICT_OBJC_MSGSEND = YES;
				ENABLE_TESTABILITY = YES;
				GCC_C_LANGUAGE_STANDARD = gnu11;
				GCC_DYNAMIC_NO_PIC = NO;
				GCC_NO_COMMON_BLOCKS = YES;
				GCC_OPTIMIZATION_LEVEL = 0;
				GCC_PREPROCESSOR_DEFINITIONS = (
					"DEBUG=1",
					"$(inherited)",
				);
				GCC_WARN_64_TO_32_BIT_CONVERSION = YES;
				GCC_WARN_ABOUT_RETURN_TYPE = YES_ERROR;
				GCC_WARN_UNDECLARED_SELECTOR = YES;
				GCC_WARN_UNINITIALIZED_AUTOS = YES_AGGRESSIVE;
				GCC_WARN_UNUSED_FUNCTION = YES;
				GCC_WARN_UNUSED_VARIABLE = YES;
				IPHONEOS_DEPLOYMENT_TARGET = 14.5;
				MTL_ENABLE_DEBUG_INFO = INCLUDE_SOURCE;
				MTL_FAST_MATH = YES;
				ONLY_ACTIVE_ARCH = YES;
				SDKROOT = iphoneos;
				SWIFT_ACTIVE_COMPILATION_CONDITIONS = DEBUG;
				SWIFT_OPTIMIZATION_LEVEL = "-Onone";
			};
			name = Debug;
		};
		DC5FB9AF2632EF6000F70F6E /* Release */ = {
			isa = XCBuildConfiguration;
			buildSettings = {
				ALWAYS_SEARCH_USER_PATHS = NO;
				CLANG_ANALYZER_NONNULL = YES;
				CLANG_ANALYZER_NUMBER_OBJECT_CONVERSION = YES_AGGRESSIVE;
				CLANG_CXX_LANGUAGE_STANDARD = "gnu++14";
				CLANG_CXX_LIBRARY = "libc++";
				CLANG_ENABLE_MODULES = YES;
				CLANG_ENABLE_OBJC_ARC = YES;
				CLANG_ENABLE_OBJC_WEAK = YES;
				CLANG_WARN_BLOCK_CAPTURE_AUTORELEASING = YES;
				CLANG_WARN_BOOL_CONVERSION = YES;
				CLANG_WARN_COMMA = YES;
				CLANG_WARN_CONSTANT_CONVERSION = YES;
				CLANG_WARN_DEPRECATED_OBJC_IMPLEMENTATIONS = YES;
				CLANG_WARN_DIRECT_OBJC_ISA_USAGE = YES_ERROR;
				CLANG_WARN_DOCUMENTATION_COMMENTS = YES;
				CLANG_WARN_EMPTY_BODY = YES;
				CLANG_WARN_ENUM_CONVERSION = YES;
				CLANG_WARN_INFINITE_RECURSION = YES;
				CLANG_WARN_INT_CONVERSION = YES;
				CLANG_WARN_NON_LITERAL_NULL_CONVERSION = YES;
				CLANG_WARN_OBJC_IMPLICIT_RETAIN_SELF = YES;
				CLANG_WARN_OBJC_LITERAL_CONVERSION = YES;
				CLANG_WARN_OBJC_ROOT_CLASS = YES_ERROR;
				CLANG_WARN_QUOTED_INCLUDE_IN_FRAMEWORK_HEADER = YES;
				CLANG_WARN_RANGE_LOOP_ANALYSIS = YES;
				CLANG_WARN_STRICT_PROTOTYPES = YES;
				CLANG_WARN_SUSPICIOUS_MOVE = YES;
				CLANG_WARN_UNGUARDED_AVAILABILITY = YES_AGGRESSIVE;
				CLANG_WARN_UNREACHABLE_CODE = YES;
				CLANG_WARN__DUPLICATE_METHOD_MATCH = YES;
				COPY_PHASE_STRIP = NO;
				DEBUG_INFORMATION_FORMAT = "dwarf-with-dsym";
				ENABLE_NS_ASSERTIONS = NO;
				ENABLE_STRICT_OBJC_MSGSEND = YES;
				GCC_C_LANGUAGE_STANDARD = gnu11;
				GCC_NO_COMMON_BLOCKS = YES;
				GCC_WARN_64_TO_32_BIT_CONVERSION = YES;
				GCC_WARN_ABOUT_RETURN_TYPE = YES_ERROR;
				GCC_WARN_UNDECLARED_SELECTOR = YES;
				GCC_WARN_UNINITIALIZED_AUTOS = YES_AGGRESSIVE;
				GCC_WARN_UNUSED_FUNCTION = YES;
				GCC_WARN_UNUSED_VARIABLE = YES;
				IPHONEOS_DEPLOYMENT_TARGET = 14.5;
				MTL_ENABLE_DEBUG_INFO = NO;
				MTL_FAST_MATH = YES;
				SDKROOT = iphoneos;
				SWIFT_COMPILATION_MODE = wholemodule;
				SWIFT_OPTIMIZATION_LEVEL = "-O";
				VALIDATE_PRODUCT = YES;
			};
			name = Release;
		};
		DC5FB9B12632EF6000F70F6E /* Debug */ = {
			isa = XCBuildConfiguration;
			buildSettings = {
				ASSETCATALOG_COMPILER_APPICON_NAME = AppIcon;
				ASSETCATALOG_COMPILER_GLOBAL_ACCENT_COLOR_NAME = AccentColor;
				CODE_SIGN_STYLE = Automatic;
				DEVELOPMENT_ASSET_PATHS = "\"User_Mgmt_Ubung/Preview Content\"";
				DEVELOPMENT_TEAM = 8T25JBXVA8;
				ENABLE_PREVIEWS = YES;
				INFOPLIST_FILE = User_Mgmt_Ubung/Info.plist;
				IPHONEOS_DEPLOYMENT_TARGET = 14.0;
				LD_RUNPATH_SEARCH_PATHS = (
					"$(inherited)",
					"@executable_path/Frameworks",
				);
				PRODUCT_BUNDLE_IDENTIFIER = "julielandry.User-Mgmt-Ubung";
				PRODUCT_NAME = "$(TARGET_NAME)";
				SWIFT_VERSION = 5.0;
				TARGETED_DEVICE_FAMILY = "1,2";
			};
			name = Debug;
		};
		DC5FB9B22632EF6000F70F6E /* Release */ = {
			isa = XCBuildConfiguration;
			buildSettings = {
				ASSETCATALOG_COMPILER_APPICON_NAME = AppIcon;
				ASSETCATALOG_COMPILER_GLOBAL_ACCENT_COLOR_NAME = AccentColor;
				CODE_SIGN_STYLE = Automatic;
				DEVELOPMENT_ASSET_PATHS = "\"User_Mgmt_Ubung/Preview Content\"";
				DEVELOPMENT_TEAM = 8T25JBXVA8;
				ENABLE_PREVIEWS = YES;
				INFOPLIST_FILE = User_Mgmt_Ubung/Info.plist;
				IPHONEOS_DEPLOYMENT_TARGET = 14.0;
				LD_RUNPATH_SEARCH_PATHS = (
					"$(inherited)",
					"@executable_path/Frameworks",
				);
				PRODUCT_BUNDLE_IDENTIFIER = "julielandry.User-Mgmt-Ubung";
				PRODUCT_NAME = "$(TARGET_NAME)";
				SWIFT_VERSION = 5.0;
				TARGETED_DEVICE_FAMILY = "1,2";
			};
			name = Release;
		};
/* End XCBuildConfiguration section */

/* Begin XCConfigurationList section */
		DC5FB99C2632EF5C00F70F6E /* Build configuration list for PBXProject "User_Mgmt_Ubung" */ = {
			isa = XCConfigurationList;
			buildConfigurations = (
				DC5FB9AE2632EF6000F70F6E /* Debug */,
				DC5FB9AF2632EF6000F70F6E /* Release */,
			);
			defaultConfigurationIsVisible = 0;
			defaultConfigurationName = Release;
		};
		DC5FB9B02632EF6000F70F6E /* Build configuration list for PBXNativeTarget "User_Mgmt_Ubung" */ = {
			isa = XCConfigurationList;
			buildConfigurations = (
				DC5FB9B12632EF6000F70F6E /* Debug */,
				DC5FB9B22632EF6000F70F6E /* Release */,
			);
			defaultConfigurationIsVisible = 0;
			defaultConfigurationName = Release;
		};
/* End XCConfigurationList section */
	};
	rootObject = DC5FB9992632EF5C00F70F6E /* Project object */;
}
